
Microsoft Visual Studio Solution File, Format Version 12.00
# Visual Studio Version 17
VisualStudioVersion = 17.0.31903.59
MinimumVisualStudioVersion = 10.0.40219.1
Project("{FAE04EC0-301F-11D3-BF4B-00C04F79EFBC}") = "WordFinderAPI", "WordFinderAPI\WordFinderAPI.csproj", "{B851CD6D-D2DF-4090-A867-F7EFFF8BBCA2}"
EndProject
Project("{FAE04EC0-301F-11D3-BF4B-00C04F79EFBC}") = "WordFinder.Tests", "WordFinder.Tests\WordFinder.Tests.csproj", "{918D2174-9733-4D92-BFE5-38F063AAE7FD}"
EndProject
Global
	GlobalSection(SolutionConfigurationPlatforms) = preSolution
		Debug|Any CPU = Debug|Any CPU
		Release|Any CPU = Release|Any CPU
	EndGlobalSection
	GlobalSection(SolutionProperties) = preSolution
		HideSolutionNode = FALSE
	EndGlobalSection
	GlobalSection(ProjectConfigurationPlatforms) = postSolution
		{B851CD6D-D2DF-4090-A867-F7EFFF8BBCA2}.Debug|Any CPU.ActiveCfg = Debug|Any CPU
		{B851CD6D-D2DF-4090-A867-F7EFFF8BBCA2}.Debug|Any CPU.Build.0 = Debug|Any CPU
		{B851CD6D-D2DF-4090-A867-F7EFFF8BBCA2}.Release|Any CPU.ActiveCfg = Release|Any CPU
		{B851CD6D-D2DF-4090-A867-F7EFFF8BBCA2}.Release|Any CPU.Build.0 = Release|Any CPU
		{918D2174-9733-4D92-BFE5-38F063AAE7FD}.Debug|Any CPU.ActiveCfg = Debug|Any CPU
		{918D2174-9733-4D92-BFE5-38F063AAE7FD}.Debug|Any CPU.Build.0 = Debug|Any CPU
		{918D2174-9733-4D92-BFE5-38F063AAE7FD}.Release|Any CPU.ActiveCfg = Release|Any CPU
		{918D2174-9733-4D92-BFE5-38F063AAE7FD}.Release|Any CPU.Build.0 = Release|Any CPU
	EndGlobalSection
EndGlobal
